
Microsoft Visual Studio Solution File, Format Version 12.00
# Visual Studio 15
VisualStudioVersion = 15.0.26228.4
MinimumVisualStudioVersion = 10.0.40219.1
Project("{FAE04EC0-301F-11D3-BF4B-00C04F79EFBC}") = "Team_Agile", "Team_Agile\Team_Agile.csproj", "{9C3DDB93-A790-429B-AEB0-ECB3EAFB53F1}"
EndProject
Project("{FAE04EC0-301F-11D3-BF4B-00C04F79EFBC}") = "Lib", "Lib\Lib.csproj", "{AADE2F49-85D9-42A5-9B97-06064B31E5AD}"
EndProject
Project("{FAE04EC0-301F-11D3-BF4B-00C04F79EFBC}") = "Test", "Test\Test.csproj", "{C1779D45-2234-4002-B44D-2FC7FD15ADC7}"
EndProject
Global
	GlobalSection(SolutionConfigurationPlatforms) = preSolution
		Debug|Any CPU = Debug|Any CPU
		Release|Any CPU = Release|Any CPU
	EndGlobalSection
	GlobalSection(ProjectConfigurationPlatforms) = postSolution
		{9C3DDB93-A790-429B-AEB0-ECB3EAFB53F1}.Debug|Any CPU.ActiveCfg = Debug|Any CPU
		{9C3DDB93-A790-429B-AEB0-ECB3EAFB53F1}.Debug|Any CPU.Build.0 = Debug|Any CPU
		{9C3DDB93-A790-429B-AEB0-ECB3EAFB53F1}.Release|Any CPU.ActiveCfg = Release|Any CPU
		{9C3DDB93-A790-429B-AEB0-ECB3EAFB53F1}.Release|Any CPU.Build.0 = Release|Any CPU
		{AADE2F49-85D9-42A5-9B97-06064B31E5AD}.Debug|Any CPU.ActiveCfg = Debug|Any CPU
		{AADE2F49-85D9-42A5-9B97-06064B31E5AD}.Debug|Any CPU.Build.0 = Debug|Any CPU
		{AADE2F49-85D9-42A5-9B97-06064B31E5AD}.Release|Any CPU.ActiveCfg = Release|Any CPU
		{AADE2F49-85D9-42A5-9B97-06064B31E5AD}.Release|Any CPU.Build.0 = Release|Any CPU
		{C1779D45-2234-4002-B44D-2FC7FD15ADC7}.Debug|Any CPU.ActiveCfg = Debug|Any CPU
		{C1779D45-2234-4002-B44D-2FC7FD15ADC7}.Debug|Any CPU.Build.0 = Debug|Any CPU
		{C1779D45-2234-4002-B44D-2FC7FD15ADC7}.Release|Any CPU.ActiveCfg = Release|Any CPU
		{C1779D45-2234-4002-B44D-2FC7FD15ADC7}.Release|Any CPU.Build.0 = Release|Any CPU
	EndGlobalSection
	GlobalSection(SolutionProperties) = preSolution
		HideSolutionNode = FALSE
	EndGlobalSection
	GlobalSection(ExtensibilityGlobals) = postSolution
		SolutionGuid = {B4973E62-F3D9-485B-913D-4A049C037ACB}
	EndGlobalSection
EndGlobal
